hash: 5ba5f6840ec3aa0626c1c7159c44dc8e7dda0891df39bfd165d954a086188370
updated: 2019-03-15T15:14:09.786981+09:00
imports:
- name: github.com/gin-gonic/gin
  version: b869fe1415e4b9eb52f247441830d502aece2d4d
- name: github.com/jinzhu/gorm
  version: 472c70caa40267cb89fd8facb07fe6454b578626
  subpackages:
  - dialects/postgres
testImports: []
